# @generated by Move, please check-in and do not edit manually.

[move]
version = 0

dependencies = [
  { name = "NftProtocol" },
  { name = "Sui" },
]

[[move.package]]
name = "Allowlist"
source = { local = "../../../MyWork/TestMove/Sui/nft-protocol/contracts/allowlist" }

dependencies = [
  { name = "Permissions" },
  { name = "Sui" },
]

[[move.package]]
name = "Authlist"
source = { local = "../../../MyWork/TestMove/Sui/nft-protocol/contracts/authlist" }

dependencies = [
  { name = "Permissions" },
  { name = "Sui" },
]

[[move.package]]
name = "Kiosk"
source = { local = "../../../MyWork/TestMove/Sui/nft-protocol/contracts/kiosk" }

dependencies = [
  { name = "Permissions" },
  { name = "Request" },
  { name = "Sui" },
]

[[move.package]]
name = "MoveStdlib"
source = { git = "https://github.com/MystenLabs/sui.git", rev = "a2af559f9ea21e09ca7e377e3b477fc2b5239fc7", subdir = "crates/sui-framework/packages/move-stdlib" }

[[move.package]]
name = "NftProtocol"
source = { local = "../../../MyWork/TestMove/Sui/nft-protocol/contracts/nft_protocol" }

dependencies = [
  { name = "Allowlist" },
  { name = "Authlist" },
  { name = "Kiosk" },
  { name = "Originmate" },
  { name = "Permissions" },
  { name = "Pseudorandom" },
  { name = "Request" },
  { name = "Sui" },
  { name = "Utils" },
]

[[move.package]]
name = "Originmate"
source = { local = "../../../MyWork/TestMove/Sui/originmate" }

dependencies = [
  { name = "Sui" },
]

[[move.package]]
name = "Permissions"
source = { local = "../../../MyWork/TestMove/Sui/nft-protocol/contracts/permissions" }

dependencies = [
  { name = "Sui" },
  { name = "Utils" },
]

[[move.package]]
name = "Pseudorandom"
source = { local = "../../../MyWork/TestMove/Sui/nft-protocol/contracts/pseudorandom" }

dependencies = [
  { name = "Sui" },
]

[[move.package]]
name = "Request"
source = { local = "../../../MyWork/TestMove/Sui/nft-protocol/contracts/request" }

dependencies = [
  { name = "Permissions" },
  { name = "Sui" },
]

[[move.package]]
name = "Sui"
source = { git = "https://github.com/MystenLabs/sui.git", rev = "a2af559f9ea21e09ca7e377e3b477fc2b5239fc7", subdir = "crates/sui-framework/packages/sui-framework" }

dependencies = [
  { name = "MoveStdlib" },
]

[[move.package]]
name = "Utils"
source = { local = "../../../MyWork/TestMove/Sui/nft-protocol/contracts/utils" }

dependencies = [
  { name = "Pseudorandom" },
  { name = "Sui" },
]
